
Microsoft Visual Studio Solution File, Format Version 12.00
# Visual Studio Version 17
VisualStudioVersion = 17.11.35327.3
MinimumVisualStudioVersion = 10.0.40219.1
Project("{FAE04EC0-301F-11D3-BF4B-00C04F79EFBC}") = "ViveCortelazor", "src\ViveCortelazor\ViveCortelazor.csproj", "{5968C1AF-AF12-4059-9869-C492BDCB1057}"
EndProject
Global
	GlobalSection(SolutionConfigurationPlatforms) = preSolution
		Debug|Any CPU = Debug|Any CPU
		Release|Any CPU = Release|Any CPU
	EndGlobalSection
	GlobalSection(ProjectConfigurationPlatforms) = postSolution
		{5968C1AF-AF12-4059-9869-C492BDCB1057}.Debug|Any CPU.ActiveCfg = Debug|Any CPU
		{5968C1AF-AF12-4059-9869-C492BDCB1057}.Debug|Any CPU.Build.0 = Debug|Any CPU
		{5968C1AF-AF12-4059-9869-C492BDCB1057}.Release|Any CPU.ActiveCfg = Release|Any CPU
		{5968C1AF-AF12-4059-9869-C492BDCB1057}.Release|Any CPU.Build.0 = Release|Any CPU
	EndGlobalSection
	GlobalSection(SolutionProperties) = preSolution
		HideSolutionNode = FALSE
	EndGlobalSection
	GlobalSection(ExtensibilityGlobals) = postSolution
		SolutionGuid = {B305B701-D66D-47D8-A2C3-AFBFC20DB43D}
	EndGlobalSection
EndGlobal
